# This file is automatically @generated by Poetry 2.1.1 and should not be changed by hand.

[[package]]
name = "atomicwrites"
version = "1.4.1"
description = "Atomic file writes."
optional = false
python-versions = ">=2.7, !=3.0.*, !=3.1.*, !=3.2.*, !=3.3.*"
groups = ["dev"]
markers = "sys_platform == \"win32\""
files = [
    {file = "atomicwrites-1.4.1.tar.gz", hash = "sha256:81b2c9071a49367a7f770170e5eec8cb66567cfbbc8c73d20ce5ca4a8d71cf11"},
]

[[package]]
name = "attrs"
version = "25.3.0"
description = "Classes Without Boilerplate"
optional = false
python-versions = ">=3.8"
groups = ["dev"]
files = [
    {file = "attrs-25.3.0-py3-none-any.whl", hash = "sha256:427318ce031701fea540783410126f03899a97ffc6f61596ad581ac2e40e3bc3"},
    {file = "attrs-25.3.0.tar.gz", hash = "sha256:75d7cefc7fb576747b2c81b4442d4d4a1ce0900973527c011d1030fd3bf4af1b"},
]

[package.extras]
benchmark = ["cloudpickle ; platform_python_implementation == \"CPython\"", "hypothesis", "mypy (>=1.11.1) ; platform_python_implementation == \"CPython\" and python_version >= \"3.10\"", "pympler", "pytest (>=4.3.0)", "pytest-codspeed", "pytest-mypy-plugins ; platform_python_implementation == \"CPython\" and python_version >= \"3.10\"", "pytest-xdist[psutil]"]
cov = ["cloudpickle ; platform_python_implementation == \"CPython\"", "coverage[toml] (>=5.3)", "hypothesis", "mypy (>=1.11.1) ; platform_python_implementation == \"CPython\" and python_version >= \"3.10\"", "pympler", "pytest (>=4.3.0)", "pytest-mypy-plugins ; platform_python_implementation == \"CPython\" and python_version >= \"3.10\"", "pytest-xdist[psutil]"]
dev = ["cloudpickle ; platform_python_implementation == \"CPython\"", "hypothesis", "mypy (>=1.11.1) ; platform_python_implementation == \"CPython\" and python_version >= \"3.10\"", "pre-commit-uv", "pympler", "pytest (>=4.3.0)", "pytest-mypy-plugins ; platform_python_implementation == \"CPython\" and python_version >= \"3.10\"", "pytest-xdist[psutil]"]
docs = ["cogapp", "furo", "myst-parser", "sphinx", "sphinx-notfound-page", "sphinxcontrib-towncrier", "towncrier"]
tests = ["cloudpickle ; platform_python_implementation == \"CPython\"", "hypothesis", "mypy (>=1.11.1) ; platform_python_implementation == \"CPython\" and python_version >= \"3.10\"", "pympler", "pytest (>=4.3.0)", "pytest-mypy-plugins ; platform_python_implementation == \"CPython\" and python_version >= \"3.10\"", "pytest-xdist[psutil]"]
tests-mypy = ["mypy (>=1.11.1) ; platform_python_implementation == \"CPython\" and python_version >= \"3.10\"", "pytest-mypy-plugins ; platform_python_implementation == \"CPython\" and python_version >= \"3.10\""]

[[package]]
name = "black"
version = "22.12.0"
description = "The uncompromising code formatter."
optional = false
python-versions = ">=3.7"
groups = ["dev"]
files = [
    {file = "black-22.12.0-cp310-cp310-manylinux_2_17_x86_64.manylinux2014_x86_64.whl", hash = "sha256:9eedd20838bd5d75b80c9f5487dbcb06836a43833a37846cf1d8c1cc01cef59d"},
    {file = "black-22.12.0-cp310-cp310-win_amd64.whl", hash = "sha256:159a46a4947f73387b4d83e87ea006dbb2337eab6c879620a3ba52699b1f4351"},
    {file = "black-22.12.0-cp311-cp311-manylinux_2_17_x86_64.manylinux2014_x86_64.whl", hash = "sha256:d30b212bffeb1e252b31dd269dfae69dd17e06d92b87ad26e23890f3efea366f"},
    {file = "black-22.12.0-cp311-cp311-win_amd64.whl", hash = "sha256:7412e75863aa5c5411886804678b7d083c7c28421210180d67dfd8cf1221e1f4"},
    {file = "black-22.12.0-cp37-cp37m-manylinux_2_17_x86_64.manylinux2014_x86_64.whl", hash = "sha256:c116eed0efb9ff870ded8b62fe9f28dd61ef6e9ddd28d83d7d264a38417dcee2"},
    {file = "black-22.12.0-cp37-cp37m-win_amd64.whl", hash = "sha256:1f58cbe16dfe8c12b7434e50ff889fa479072096d79f0a7f25e4ab8e94cd8350"},
    {file = "black-22.12.0-cp38-cp38-manylinux_2_17_x86_64.manylinux2014_x86_64.whl", hash = "sha256:77d86c9f3db9b1bf6761244bc0b3572a546f5fe37917a044e02f3166d5aafa7d"},
    {file = "black-22.12.0-cp38-cp38-win_amd64.whl", hash = "sha256:82d9fe8fee3401e02e79767016b4907820a7dc28d70d137eb397b92ef3cc5bfc"},
    {file = "black-22.12.0-cp39-cp39-manylinux_2_17_x86_64.manylinux2014_x86_64.whl", hash = "sha256:101c69b23df9b44247bd88e1d7e90154336ac4992502d4197bdac35dd7ee3320"},
    {file = "black-22.12.0-cp39-cp39-win_amd64.whl", hash = "sha256:559c7a1ba9a006226f09e4916060982fd27334ae1998e7a38b3f33a37f7a2148"},
    {file = "black-22.12.0-py3-none-any.whl", hash = "sha256:436cc9167dd28040ad90d3b404aec22cedf24a6e4d7de221bec2730ec0c97bcf"},
    {file = "black-22.12.0.tar.gz", hash = "sha256:229351e5a18ca30f447bf724d007f890f97e13af070bb6ad4c0a441cd7596a2f"},
]

[package.dependencies]
click = ">=8.0.0"
mypy-extensions = ">=0.4.3"
pathspec = ">=0.9.0"
platformdirs = ">=2"

[package.extras]
colorama = ["colorama (>=0.4.3)"]
d = ["aiohttp (>=3.7.4)"]
jupyter = ["ipython (>=7.8.0)", "tokenize-rt (>=3.2.0)"]
uvloop = ["uvloop (>=0.15.2)"]

[[package]]
name = "click"
version = "8.1.8"
description = "Composable command line interface toolkit"
optional = false
python-versions = ">=3.7"
groups = ["dev"]
files = [
    {file = "click-8.1.8-py3-none-any.whl", hash = "sha256:63c132bbbed01578a06712a2d1f497bb62d9c1c0d329b7903a866228027263b2"},
    {file = "click-8.1.8.tar.gz", hash = "sha256:ed53c9d8990d83c2a27deae68e4ee337473f6330c040a31d4225c9574d16096a"},
]

[package.dependencies]
colorama = {version = "*", markers = "platform_system == \"Windows\""}

[[package]]
name = "colorama"
version = "0.4.6"
description = "Cross-platform colored terminal text."
optional = false
python-versions = "!=3.0.*,!=3.1.*,!=3.2.*,!=3.3.*,!=3.4.*,!=3.5.*,!=3.6.*,>=2.7"
groups = ["dev"]
markers = "sys_platform == \"win32\" or platform_system == \"Windows\""
files = [
    {file = "colorama-0.4.6-py2.py3-none-any.whl", hash = "sha256:4f1d9991f5acc0ca119f9d443620b77f9d6b33703e51011c16baf57afb285fc6"},
    {file = "colorama-0.4.6.tar.gz", hash = "sha256:08695f5cb7ed6e0531a20572697297273c47b8cae5a63ffc6d6ed5c201be6e44"},
]

[[package]]
name = "coverage"
version = "7.7.1"
description = "Code coverage measurement for Python"
optional = false
python-versions = ">=3.9"
groups = ["dev"]
files = [
    {file = "coverage-7.7.1-cp310-cp310-macosx_10_9_x86_64.whl", hash = "sha256:553ba93f8e3c70e1b0031e4dfea36aba4e2b51fe5770db35e99af8dc5c5a9dfe"},
    {file = "coverage-7.7.1-cp310-cp310-macosx_11_0_arm64.whl", hash = "sha256:44683f2556a56c9a6e673b583763096b8efbd2df022b02995609cf8e64fc8ae0"},
    {file = "coverage-7.7.1-cp310-cp310-manylinux_2_17_aarch64.manylinux2014_aarch64.whl", hash = "sha256:02fad4f8faa4153db76f9246bc95c1d99f054f4e0a884175bff9155cf4f856cb"},
    {file = "coverage-7.7.1-cp310-cp310-manylinux_2_5_i686.manylinux1_i686.manylinux_2_17_i686.manylinux2014_i686.whl", hash = "sha256:4c181ceba2e6808ede1e964f7bdc77bd8c7eb62f202c63a48cc541e5ffffccb6"},
    {file = "coverage-7.7.1-cp310-cp310-manylinux_2_5_x86_64.manylinux1_x86_64.manylinux_2_17_x86_64.manylinux2014_x86_64.whl", hash = "sha256:80b5b207a8b08c6a934b214e364cab2fa82663d4af18981a6c0a9e95f8df7602"},
    {file = "coverage-7.7.1-cp310-cp310-musllinux_1_2_aarch64.whl", hash = "sha256:25fe40967717bad0ce628a0223f08a10d54c9d739e88c9cbb0f77b5959367542"},
    {file = "coverage-7.7.1-cp310-cp310-musllinux_1_2_i686.whl", hash = "sha256:881cae0f9cbd928c9c001487bb3dcbfd0b0af3ef53ae92180878591053be0cb3"},
    {file = "coverage-7.7.1-cp310-cp310-musllinux_1_2_x86_64.whl", hash = "sha256:c90e9141e9221dd6fbc16a2727a5703c19443a8d9bf7d634c792fa0287cee1ab"},
    {file = "coverage-7.7.1-cp310-cp310-win32.whl", hash = "sha256:ae13ed5bf5542d7d4a0a42ff5160e07e84adc44eda65ddaa635c484ff8e55917"},
    {file = "coverage-7.7.1-cp310-cp310-win_amd64.whl", hash = "sha256:171e9977c6a5d2b2be9efc7df1126fd525ce7cad0eb9904fe692da007ba90d81"},
    {file = "coverage-7.7.1-cp311-cp311-macosx_10_9_x86_64.whl", hash = "sha256:1165490be0069e34e4f99d08e9c5209c463de11b471709dfae31e2a98cbd49fd"},
    {file = "coverage-7.7.1-cp311-cp311-macosx_11_0_arm64.whl", hash = "sha256:44af11c00fd3b19b8809487630f8a0039130d32363239dfd15238e6d37e41a48"},
    {file = "coverage-7.7.1-cp311-cp311-manylinux_2_17_aarch64.manylinux2014_aarch64.whl", hash = "sha256:fbba59022e7c20124d2f520842b75904c7b9f16c854233fa46575c69949fb5b9"},
    {file = "coverage-7.7.1-cp311-cp311-manylinux_2_5_i686.manylinux1_i686.manylinux_2_17_i686.manylinux2014_i686.whl", hash = "sha256:af94fb80e4f159f4d93fb411800448ad87b6039b0500849a403b73a0d36bb5ae"},
    {file = "coverage-7.7.1-cp311-cp311-manylinux_2_5_x86_64.manylinux1_x86_64.manylinux_2_17_x86_64.manylinux2014_x86_64.whl", hash = "sha256:eae79f8e3501133aa0e220bbc29573910d096795882a70e6f6e6637b09522133"},
    {file = "coverage-7.7.1-cp311-cp311-musllinux_1_2_aarch64.whl", hash = "sha256:e33426a5e1dc7743dd54dfd11d3a6c02c5d127abfaa2edd80a6e352b58347d1a"},
    {file = "coverage-7.7.1-cp311-cp311-musllinux_1_2_i686.whl", hash = "sha256:b559adc22486937786731dac69e57296cb9aede7e2687dfc0d2696dbd3b1eb6b"},
    {file = "coverage-7.7.1-cp311-cp311-musllinux_1_2_x86_64.whl", hash = "sha256:b838a91e84e1773c3436f6cc6996e000ed3ca5721799e7789be18830fad009a2"},
    {file = "coverage-7.7.1-cp311-cp311-win32.whl", hash = "sha256:2c492401bdb3a85824669d6a03f57b3dfadef0941b8541f035f83bbfc39d4282"},
    {file = "coverage-7.7.1-cp311-cp311-win_amd64.whl", hash = "sha256:1e6f867379fd033a0eeabb1be0cffa2bd660582b8b0c9478895c509d875a9d9e"},
    {file = "coverage-7.7.1-cp312-cp312-macosx_10_13_x86_64.whl", hash = "sha256:eff187177d8016ff6addf789dcc421c3db0d014e4946c1cc3fbf697f7852459d"},
    {file = "coverage-7.7.1-cp312-cp312-macosx_11_0_arm64.whl", hash = "sha256:2444fbe1ba1889e0b29eb4d11931afa88f92dc507b7248f45be372775b3cef4f"},
    {file = "coverage-7.7.1-cp312-cp312-manylinux_2_17_aarch64.manylinux2014_aarch64.whl", hash = "sha256:177d837339883c541f8524683e227adcaea581eca6bb33823a2a1fdae4c988e1"},
    {file = "coverage-7.7.1-cp312-cp312-manylinux_2_5_i686.manylinux1_i686.manylinux_2_17_i686.manylinux2014_i686.whl", hash = "sha256:15d54ecef1582b1d3ec6049b20d3c1a07d5e7f85335d8a3b617c9960b4f807e0"},
    {file = "coverage-7.7.1-cp312-cp312-manylinux_2_5_x86_64.manylinux1_x86_64.manylinux_2_17_x86_64.manylinux2014_x86_64.whl", hash = "sha256:75c82b27c56478d5e1391f2e7b2e7f588d093157fa40d53fd9453a471b1191f2"},
    {file = "coverage-7.7.1-cp312-cp312-musllinux_1_2_aarch64.whl", hash = "sha256:315ff74b585110ac3b7ab631e89e769d294f303c6d21302a816b3554ed4c81af"},
    {file = "coverage-7.7.1-cp312-cp312-musllinux_1_2_i686.whl", hash = "sha256:4dd532dac197d68c478480edde74fd4476c6823355987fd31d01ad9aa1e5fb59"},
    {file = "coverage-7.7.1-cp312-cp312-musllinux_1_2_x86_64.whl", hash = "sha256:385618003e3d608001676bb35dc67ae3ad44c75c0395d8de5780af7bb35be6b2"},
    {file = "coverage-7.7.1-cp312-cp312-win32.whl", hash = "sha256:63306486fcb5a827449464f6211d2991f01dfa2965976018c9bab9d5e45a35c8"},
    {file = "coverage-7.7.1-cp312-cp312-win_amd64.whl", hash = "sha256:37351dc8123c154fa05b7579fdb126b9f8b1cf42fd6f79ddf19121b7bdd4aa04"},
    {file = "coverage-7.7.1-cp313-cp313-macosx_10_13_x86_64.whl", hash = "sha256:eebd927b86761a7068a06d3699fd6c20129becf15bb44282db085921ea0f1585"},
    {file = "coverage-7.7.1-cp313-cp313-macosx_11_0_arm64.whl", hash = "sha256:2a79c4a09765d18311c35975ad2eb1ac613c0401afdd9cb1ca4110aeb5dd3c4c"},
    {file = "coverage-7.7.1-cp313-cp313-manylinux_2_17_aarch64.manylinux2014_aarch64.whl", hash = "sha256:8b1c65a739447c5ddce5b96c0a388fd82e4bbdff7251396a70182b1d83631019"},
    {file = "coverage-7.7.1-cp313-cp313-manylinux_2_5_i686.manylinux1_i686.manylinux_2_17_i686.manylinux2014_i686.whl", hash = "sha256:392cc8fd2b1b010ca36840735e2a526fcbd76795a5d44006065e79868cc76ccf"},
    {file = "coverage-7.7.1-cp313-cp313-manylinux_2_5_x86_64.manylinux1_x86_64.manylinux_2_17_x86_64.manylinux2014_x86_64.whl", hash = "sha256:9bb47cc9f07a59a451361a850cb06d20633e77a9118d05fd0f77b1864439461b"},
    {file = "coverage-7.7.1-cp313-cp313-musllinux_1_2_aarch64.whl", hash = "sha256:b4c144c129343416a49378e05c9451c34aae5ccf00221e4fa4f487db0816ee2f"},
    {file = "coverage-7.7.1-cp313-cp313-musllinux_1_2_i686.whl", hash = "sha256:bc96441c9d9ca12a790b5ae17d2fa6654da4b3962ea15e0eabb1b1caed094777"},
    {file = "coverage-7.7.1-cp313-cp313-musllinux_1_2_x86_64.whl", hash = "sha256:3d03287eb03186256999539d98818c425c33546ab4901028c8fa933b62c35c3a"},
    {file = "coverage-7.7.1-cp313-cp313-win32.whl", hash = "sha256:8fed429c26b99641dc1f3a79179860122b22745dd9af36f29b141e178925070a"},
    {file = "coverage-7.7.1-cp313-cp313-win_amd64.whl", hash = "sha256:092b134129a8bb940c08b2d9ceb4459af5fb3faea77888af63182e17d89e1cf1"},
    {file = "coverage-7.7.1-cp313-cp313t-macosx_10_13_x86_64.whl", hash = "sha256:d3154b369141c3169b8133973ac00f63fcf8d6dbcc297d788d36afbb7811e511"},
    {file = "coverage-7.7.1-cp313-cp313t-macosx_11_0_arm64.whl", hash = "sha256:264ff2bcce27a7f455b64ac0dfe097680b65d9a1a293ef902675fa8158d20b24"},
    {file = "coverage-7.7.1-cp313-cp313t-manylinux_2_17_aarch64.manylinux2014_aarch64.whl", hash = "sha256:ba8480ebe401c2f094d10a8c4209b800a9b77215b6c796d16b6ecdf665048950"},
    {file = "coverage-7.7.1-cp313-cp313t-manylinux_2_5_i686.manylinux1_i686.manylinux_2_17_i686.manylinux2014_i686.whl", hash = "sha256:520af84febb6bb54453e7fbb730afa58c7178fd018c398a8fcd8e269a79bf96d"},
    {file = "coverage-7.7.1-cp313-cp313t-manylinux_2_5_x86_64.manylinux1_x86_64.manylinux_2_17_x86_64.manylinux2014_x86_64.whl", hash = "sha256:88d96127ae01ff571d465d4b0be25c123789cef88ba0879194d673fdea52f54e"},
    {file = "coverage-7.7.1-cp313-cp313t-musllinux_1_2_aarch64.whl", hash = "sha256:0ce92c5a9d7007d838456f4b77ea159cb628187a137e1895331e530973dcf862"},
    {file = "coverage-7.7.1-cp313-cp313t-musllinux_1_2_i686.whl", hash = "sha256:0dab4ef76d7b14f432057fdb7a0477e8bffca0ad39ace308be6e74864e632271"},
    {file = "coverage-7.7.1-cp313-cp313t-musllinux_1_2_x86_64.whl", hash = "sha256:7e688010581dbac9cab72800e9076e16f7cccd0d89af5785b70daa11174e94de"},
    {file = "coverage-7.7.1-cp313-cp313t-win32.whl", hash = "sha256:e52eb31ae3afacdacfe50705a15b75ded67935770c460d88c215a9c0c40d0e9c"},
    {file = "coverage-7.7.1-cp313-cp313t-win_amd64.whl", hash = "sha256:a6b6b3bd121ee2ec4bd35039319f3423d0be282b9752a5ae9f18724bc93ebe7c"},
    {file = "coverage-7.7.1-cp39-cp39-macosx_10_9_x86_64.whl", hash = "sha256:34a3bf6b92e6621fc4dcdaab353e173ccb0ca9e4bfbcf7e49a0134c86c9cd303"},
    {file = "coverage-7.7.1-cp39-cp39-macosx_11_0_arm64.whl", hash = "sha256:d6874929d624d3a670f676efafbbc747f519a6121b581dd41d012109e70a5ebd"},
    {file = "coverage-7.7.1-cp39-cp39-manylinux_2_17_aarch64.manylinux2014_aarch64.whl", hash = "sha256:7ba5ff236c87a7b7aa1441a216caf44baee14cbfbd2256d306f926d16b026578"},
    {file = "coverage-7.7.1-cp39-cp39-manylinux_2_5_i686.manylinux1_i686.manylinux_2_17_i686.manylinux2014_i686.whl", hash = "sha256:452735fafe8ff5918236d5fe1feac322b359e57692269c75151f9b4ee4b7e1bc"},
    {file = "coverage-7.7.1-cp39-cp39-manylinux_2_5_x86_64.manylinux1_x86_64.manylinux_2_17_x86_64.manylinux2014_x86_64.whl", hash = "sha256:f5f99a93cecf799738e211f9746dc83749b5693538fbfac279a61682ba309387"},
    {file = "coverage-7.7.1-cp39-cp39-musllinux_1_2_aarch64.whl", hash = "sha256:11dd6f52c2a7ce8bf0a5f3b6e4a8eb60e157ffedc3c4b4314a41c1dfbd26ce58"},
    {file = "coverage-7.7.1-cp39-cp39-musllinux_1_2_i686.whl", hash = "sha256:b52edb940d087e2a96e73c1523284a2e94a4e66fa2ea1e2e64dddc67173bad94"},
    {file = "coverage-7.7.1-cp39-cp39-musllinux_1_2_x86_64.whl", hash = "sha256:d2e73e2ac468536197e6b3ab79bc4a5c9da0f078cd78cfcc7fe27cf5d1195ef0"},
    {file = "coverage-7.7.1-cp39-cp39-win32.whl", hash = "sha256:18f544356bceef17cc55fcf859e5664f06946c1b68efcea6acdc50f8f6a6e776"},
    {file = "coverage-7.7.1-cp39-cp39-win_amd64.whl", hash = "sha256:d66ff48ab3bb6f762a153e29c0fc1eb5a62a260217bc64470d7ba602f5886d20"},
    {file = "coverage-7.7.1-pp39.pp310.pp311-none-any.whl", hash = "sha256:5b7b02e50d54be6114cc4f6a3222fec83164f7c42772ba03b520138859b5fde1"},
    {file = "coverage-7.7.1-py3-none-any.whl", hash = "sha256:822fa99dd1ac686061e1219b67868e25d9757989cf2259f735a4802497d6da31"},
    {file = "coverage-7.7.1.tar.gz", hash = "sha256:199a1272e642266b90c9f40dec7fd3d307b51bf639fa0d15980dc0b3246c1393"},
]

[package.extras]
toml = ["tomli ; python_full_version <= \"3.11.0a6\""]

[[package]]
name = "iniconfig"
version = "2.1.0"
description = "brain-dead simple config-ini parsing"
optional = false
python-versions = ">=3.8"
groups = ["dev"]
files = [
    {file = "iniconfig-2.1.0-py3-none-any.whl", hash = "sha256:9deba5723312380e77435581c6bf4935c94cbfab9b1ed33ef8d238ea168eb760"},
    {file = "iniconfig-2.1.0.tar.gz", hash = "sha256:3abbd2e30b36733fee78f9c7f7308f2d0050e88f0087fd25c2645f63c773e1c7"},
]

[[package]]
name = "mypy-extensions"
version = "1.0.0"
description = "Type system extensions for programs checked with the mypy type checker."
optional = false
python-versions = ">=3.5"
groups = ["dev"]
files = [
    {file = "mypy_extensions-1.0.0-py3-none-any.whl", hash = "sha256:4392f6c0eb8a5668a69e23d168ffa70f0be9ccfd32b5cc2d26a34ae5b844552d"},
    {file = "mypy_extensions-1.0.0.tar.gz", hash = "sha256:75dbf8955dc00442a438fc4d0666508a9a97b6bd41aa2f0ffe9d2f2725af0782"},
]

[[package]]
name = "packaging"
version = "24.2"
description = "Core utilities for Python packages"
optional = false
python-versions = ">=3.8"
groups = ["dev"]
files = [
    {file = "packaging-24.2-py3-none-any.whl", hash = "sha256:09abb1bccd265c01f4a3aa3f7a7db064b36514d2cba19a2f694fe6150451a759"},
    {file = "packaging-24.2.tar.gz", hash = "sha256:c228a6dc5e932d346bc5739379109d49e8853dd8223571c7c5b55260edc0b97f"},
]

[[package]]
name = "pathspec"
version = "0.12.1"
description = "Utility library for gitignore style pattern matching of file paths."
optional = false
python-versions = ">=3.8"
groups = ["dev"]
files = [
    {file = "pathspec-0.12.1-py3-none-any.whl", hash = "sha256:a0d503e138a4c123b27490a4f7beda6a01c6f288df0e4a8b79c7eb0dc7b4cc08"},
    {file = "pathspec-0.12.1.tar.gz", hash = "sha256:a482d51503a1ab33b1c67a6c3813a26953dbdc71c31dacaef9a838c4e29f5712"},
]

[[package]]
name = "platformdirs"
version = "4.3.7"
description = "A small Python package for determining appropriate platform-specific dirs, e.g. a `user data dir`."
optional = false
python-versions = ">=3.9"
groups = ["dev"]
files = [
    {file = "platformdirs-4.3.7-py3-none-any.whl", hash = "sha256:a03875334331946f13c549dbd8f4bac7a13a50a895a0eb1e8c6a8ace80d40a94"},
    {file = "platformdirs-4.3.7.tar.gz", hash = "sha256:eb437d586b6a0986388f0d6f74aa0cde27b48d0e3d66843640bfb6bdcdb6e351"},
]

[package.extras]
docs = ["furo (>=2024.8.6)", "proselint (>=0.14)", "sphinx (>=8.1.3)", "sphinx-autodoc-typehints (>=3)"]
test = ["appdirs (==1.4.4)", "covdefaults (>=2.3)", "pytest (>=8.3.4)", "pytest-cov (>=6)", "pytest-mock (>=3.14)"]
type = ["mypy (>=1.14.1)"]

[[package]]
name = "pluggy"
version = "1.5.0"
description = "plugin and hook calling mechanisms for python"
optional = false
python-versions = ">=3.8"
groups = ["dev"]
files = [
    {file = "pluggy-1.5.0-py3-none-any.whl", hash = "sha256:44e1ad92c8ca002de6377e165f3e0f1be63266ab4d554740532335b9d75ea669"},
    {file = "pluggy-1.5.0.tar.gz", hash = "sha256:2cffa88e94fdc978c4c574f15f9e59b7f4201d439195c3715ca9e2486f1d0cf1"},
]

[package.extras]
dev = ["pre-commit", "tox"]
testing = ["pytest", "pytest-benchmark"]

[[package]]
name = "py"
version = "1.11.0"
description = "library with cross-python path, ini-parsing, io, code, log facilities"
optional = false
python-versions = ">=2.7, !=3.0.*, !=3.1.*, !=3.2.*, !=3.3.*, !=3.4.*"
groups = ["dev"]
files = [
    {file = "py-1.11.0-py2.py3-none-any.whl", hash = "sha256:607c53218732647dff4acdfcd50cb62615cedf612e72d1724fb1a0cc6405b378"},
    {file = "py-1.11.0.tar.gz", hash = "sha256:51c75c4126074b472f746a24399ad32f6053d1b34b68d2fa41e558e6f4a98719"},
]

[[package]]
name = "pytest"
version = "6.2.5"
description = "pytest: simple powerful testing with Python"
optional = false
python-versions = ">=3.6"
groups = ["dev"]
files = [
    {file = "pytest-6.2.5-py3-none-any.whl", hash = "sha256:7310f8d27bc79ced999e760ca304d69f6ba6c6649c0b60fb0e04a4a77cacc134"},
    {file = "pytest-6.2.5.tar.gz", hash = "sha256:131b36680866a76e6781d13f101efb86cf674ebb9762eb70d3082b6f29889e89"},
]

[package.dependencies]
atomicwrites = {version = ">=1.0", markers = "sys_platform == \"win32\""}
attrs = ">=19.2.0"
colorama = {version = "*", markers = "sys_platform == \"win32\""}
iniconfig = "*"
packaging = "*"
pluggy = ">=0.12,<2.0"
py = ">=1.8.2"
toml = "*"

[package.extras]
testing = ["argcomplete", "hypothesis (>=3.56)", "mock", "nose", "requests", "xmlschema"]

[[package]]
name = "pytest-cov"
version = "3.0.0"
description = "Pytest plugin for measuring coverage."
optional = false
python-versions = ">=3.6"
groups = ["dev"]
files = [
    {file = "pytest-cov-3.0.0.tar.gz", hash = "sha256:e7f0f5b1617d2210a2cabc266dfe2f4c75a8d32fb89eafb7ad9d06f6d076d470"},
    {file = "pytest_cov-3.0.0-py3-none-any.whl", hash = "sha256:578d5d15ac4a25e5f961c938b85a05b09fdaae9deef3bb6de9a6e766622ca7a6"},
]

[package.dependencies]
coverage = {version = ">=5.2.1", extras = ["toml"]}
pytest = ">=4.6"

[package.extras]
testing = ["fields", "hunter", "process-tests", "pytest-xdist", "six", "virtualenv"]

[[package]]
name = "pytest-mock"
version = "3.14.0"
description = "Thin-wrapper around the mock package for easier use with pytest"
optional = false
python-versions = ">=3.8"
groups = ["dev"]
files = [
    {file = "pytest-mock-3.14.0.tar.gz", hash = "sha256:2719255a1efeceadbc056d6bf3df3d1c5015530fb40cf347c0f9afac88410bd0"},
    {file = "pytest_mock-3.14.0-py3-none-any.whl", hash = "sha256:0b72c38033392a5f4621342fe11e9219ac11ec9d375f8e2a0c164539e0d70f6f"},
]

[package.dependencies]
pytest = ">=6.2.5"

[package.extras]
dev = ["pre-commit", "pytest-asyncio", "tox"]

[[package]]
name = "toml"
version = "0.10.2"
description = "Python Library for Tom's Obvious, Minimal Language"
optional = false
python-versions = ">=2.6, !=3.0.*, !=3.1.*, !=3.2.*"
groups = ["dev"]
files = [
    {file = "toml-0.10.2-py2.py3-none-any.whl", hash = "sha256:806143ae5bfb6a3c6e736a764057db0e6a0e05e338b5630894a5f779cabb4f9b"},
    {file = "toml-0.10.2.tar.gz", hash = "sha256:b3bda1d108d5dd99f4a20d24d9c348e91c4db7ab1b749200bded2f839ccbe68f"},
]

[metadata]
lock-version = "2.1"
python-versions = "^3.12.3"
content-hash = "a059e9be41a20fadba6b53adb3169bdc58aef5c4082968fe7019851b3eb2d387"
